// !$*UTF8*$!
{
	archiveVersion = 1;
	classes = {
	};
	objectVersion = 46;
	objects = {

/* Begin PBXBuildFile section */
		6D6C4F721B587623005558A4 /* main.m in Sources */ = {isa = PBXBuildFile; fileRef = 6D6C4F711B587623005558A4 /* main.m */; };
		6D6C4F751B587623005558A4 /* AppDelegate.m in Sources */ = {isa = PBXBuildFile; fileRef = 6D6C4F741B587623005558A4 /* AppDelegate.m */; };
		6D6C4F781B587623005558A4 /* ViewController.m in Sources */ = {isa = PBXBuildFile; fileRef = 6D6C4F771B587623005558A4 /* ViewController.m */; };
		6D6C4F7B1B587623005558A4 /* Main.storyboard in Resources */ = {isa = PBXBuildFile; fileRef = 6D6C4F791B587623005558A4 /* Main.storyboard */; };
		6D6C4F7D1B587623005558A4 /* Images.xcassets in Resources */ = {isa = PBXBuildFile; fileRef = 6D6C4F7C1B587623005558A4 /* Images.xcassets */; };
		6D6C4F801B587623005558A4 /* LaunchScreen.xib in Resources */ = {isa = PBXBuildFile; fileRef = 6D6C4F7E1B587623005558A4 /* LaunchScreen.xib */; };
		6D6C4F8C1B587623005558A4 /* PhotoramaTests.m in Sources */ = {isa = PBXBuildFile; fileRef = 6D6C4F8B1B587623005558A4 /* PhotoramaTests.m */; };
/* End PBXBuildFile section */

/* Begin PBXContainerItemProxy section */
		6D6C4F861B587623005558A4 /* PBXContainerItemProxy */ = {
			isa = PBXContainerItemProxy;
			containerPortal = 6D6C4F641B587623005558A4 /* Project object */;
			proxyType = 1;
			remoteGlobalIDString = 6D6C4F6B1B587623005558A4;
			remoteInfo = Photorama;
		};
/* End PBXContainerItemProxy section */

/* Begin PBXFileReference section */
		6D6C4F6C1B587623005558A4 /* Photorama.app */ = {isa = PBXFileReference; explicitFileType = wrapper.application; includeInIndex = 0; path = Photorama.app; sourceTree = BUILT_PRODUCTS_DIR; };
		6D6C4F701B587623005558A4 /* Info.plist */ = {isa = PBXFileReference; lastKnownFileType = text.plist.xml; path = Info.plist; sourceTree = "<group>"; };
		6D6C4F711B587623005558A4 /* main.m */ = {isa = PBXFileReference; lastKnownFileType = sourcecode.c.objc; path = main.m; sourceTree = "<group>"; };
		6D6C4F731B587623005558A4 /* AppDelegate.h */ = {isa = PBXFileReference; lastKnownFileType = sourcecode.c.h; path = AppDelegate.h; sourceTree = "<group>"; };
		6D6C4F741B587623005558A4 /* AppDelegate.m */ = {isa = PBXFileReference; lastKnownFileType = sourcecode.c.objc; path = AppDelegate.m; sourceTree = "<group>"; };
		6D6C4F761B587623005558A4 /* ViewController.h */ = {isa = PBXFileReference; lastKnownFileType = sourcecode.c.h; path = ViewController.h; sourceTree = "<group>"; };
		6D6C4F771B587623005558A4 /* ViewController.m */ = {isa = PBXFileReference; lastKnownFileType = sourcecode.c.objc; path = ViewController.m; sourceTree = "<group>"; };
		6D6C4F7A1B587623005558A4 /* Base */ = {isa = PBXFileReference; lastKnownFileType = file.storyboard; name = Base; path = Base.lproj/Main.storyboard; sourceTree = "<group>"; };
		6D6C4F7C1B587623005558A4 /* Images.xcassets */ = {isa = PBXFileReference; lastKnownFileType = folder.assetcatalog; path = Images.xcassets; sourceTree = "<group>"; };
		6D6C4F7F1B587623005558A4 /* Base */ = {isa = PBXFileReference; lastKnownFileType = file.xib; name = Base; path = Base.lproj/LaunchScreen.xib; sourceTree = "<group>"; };
		6D6C4F851B587623005558A4 /* PhotoramaTests.xctest */ = {isa = PBXFileReference; explicitFileType = wrapper.cfbundle; includeInIndex = 0; path = PhotoramaTests.xctest; sourceTree = BUILT_PRODUCTS_DIR; };
		6D6C4F8A1B587623005558A4 /* Info.plist */ = {isa = PBXFileReference; lastKnownFileType = text.plist.xml; path = Info.plist; sourceTree = "<group>"; };
		6D6C4F8B1B587623005558A4 /* PhotoramaTests.m */ = {isa = PBXFileReference; lastKnownFileType = sourcecode.c.objc; path = PhotoramaTests.m; sourceTree = "<group>"; };
/* End PBXFileReference section */

/* Begin PBXFrameworksBuildPhase section */
		6D6C4F691B587623005558A4 /* Frameworks */ = {
			isa = PBXFrameworksBuildPhase;
			buildActionMask = 2147483647;
			files = (
			);
			runOnlyForDeploymentPostprocessing = 0;
		};
		6D6C4F821B587623005558A4 /* Frameworks */ = {
			isa = PBXFrameworksBuildPhase;
			buildActionMask = 2147483647;
			files = (
			);
			runOnlyForDeploymentPostprocessing = 0;
		};
/* End PBXFrameworksBuildPhase section */

/* Begin PBXGroup section */
		6D6C4F631B587623005558A4 = {
			isa = PBXGroup;
			children = (
				6D6C4F6E1B587623005558A4 /* Photorama */,
				6D6C4F881B587623005558A4 /* PhotoramaTests */,
				6D6C4F6D1B587623005558A4 /* Products */,
			);
			sourceTree = "<group>";
		};
		6D6C4F6D1B587623005558A4 /* Products */ = {
			isa = PBXGroup;
			children = (
				6D6C4F6C1B587623005558A4 /* Photorama.app */,
				6D6C4F851B587623005558A4 /* PhotoramaTests.xctest */,
			);
			name = Products;
			sourceTree = "<group>";
		};
		6D6C4F6E1B587623005558A4 /* Photorama */ = {
			isa = PBXGroup;
			children = (
				6D6C4F731B587623005558A4 /* AppDelegate.h */,
				6D6C4F741B587623005558A4 /* AppDelegate.m */,
				6D6C4F761B587623005558A4 /* ViewController.h */,
				6D6C4F771B587623005558A4 /* ViewController.m */,
				6D6C4F791B587623005558A4 /* Main.storyboard */,
				6D6C4F7C1B587623005558A4 /* Images.xcassets */,
				6D6C4F7E1B587623005558A4 /* LaunchScreen.xib */,
				6D6C4F6F1B587623005558A4 /* Supporting Files */,
			);
			path = Photorama;
			sourceTree = "<group>";
		};
		6D6C4F6F1B587623005558A4 /* Supporting Files */ = {
			isa = PBXGroup;
			children = (
				6D6C4F701B587623005558A4 /* Info.plist */,
				6D6C4F711B587623005558A4 /* main.m */,
			);
			name = "Supporting Files";
			sourceTree = "<group>";
		};
		6D6C4F881B587623005558A4 /* PhotoramaTests */ = {
			isa = PBXGroup;
			children = (
				6D6C4F8B1B587623005558A4 /* PhotoramaTests.m */,
				6D6C4F891B587623005558A4 /* Supporting Files */,
			);
			path = PhotoramaTests;
			sourceTree = "<group>";
		};
		6D6C4F891B587623005558A4 /* Supporting Files */ = {
			isa = PBXGroup;
			children = (
				6D6C4F8A1B587623005558A4 /* Info.plist */,
			);
			name = "Supporting Files";
			sourceTree = "<group>";
		};
/* End PBXGroup section */

/* Begin PBXNativeTarget section */
		6D6C4F6B1B587623005558A4 /* Photorama */ = {
			isa = PBXNativeTarget;
			buildConfigurationList = 6D6C4F8F1B587623005558A4 /* Build configuration list for PBXNativeTarget "Photorama" */;
			buildPhases = (
				6D6C4F681B587623005558A4 /* Sources */,
				6D6C4F691B587623005558A4 /* Frameworks */,
				6D6C4F6A1B587623005558A4 /* Resources */,
			);
			buildRules = (
			);
			dependencies = (
			);
			name = Photorama;
			productName = Photorama;
			productReference = 6D6C4F6C1B587623005558A4 /* Photorama.app */;
			productType = "com.apple.product-type.application";
		};
		6D6C4F841B587623005558A4 /* PhotoramaTests */ = {
			isa = PBXNativeTarget;
			buildConfigurationList = 6D6C4F921B587623005558A4 /* Build configuration list for PBXNativeTarget "PhotoramaTests" */;
			buildPhases = (
				6D6C4F811B587623005558A4 /* Sources */,
				6D6C4F821B587623005558A4 /* Frameworks */,
				6D6C4F831B587623005558A4 /* Resources */,
			);
			buildRules = (
			);
			dependencies = (
				6D6C4F871B587623005558A4 /* PBXTargetDependency */,
			);
			name = PhotoramaTests;
			productName = PhotoramaTests;
			productReference = 6D6C4F851B587623005558A4 /* PhotoramaTests.xctest */;
			productType = "com.apple.product-type.bundle.unit-test";
		};
/* End PBXNativeTarget section */

/* Begin PBXProject section */
		6D6C4F641B587623005558A4 /* Project object */ = {
			isa = PBXProject;
			attributes = {
				LastUpgradeCheck = 0610;
				ORGANIZATIONNAME = "Big Nerd Ranch";
				TargetAttributes = {
					6D6C4F6B1B587623005558A4 = {
						CreatedOnToolsVersion = 6.1.1;
					};
					6D6C4F841B587623005558A4 = {
						CreatedOnToolsVersion = 6.1.1;
						TestTargetID = 6D6C4F6B1B587623005558A4;
					};
				};
			};
			buildConfigurationList = 6D6C4F671B587623005558A4 /* Build configuration list for PBXProject "Photorama" */;
			compatibilityVersion = "Xcode 3.2";
			developmentRegion = English;
			hasScannedForEncodings = 0;
			knownRegions = (
				en,
				Base,
			);
			mainGroup = 6D6C4F631B587623005558A4;
			productRefGroup = 6D6C4F6D1B587623005558A4 /* Products */;
			projectDirPath = "";
			projectRoot = "";
			targets = (
				6D6C4F6B1B587623005558A4 /* Photorama */,
				6D6C4F841B587623005558A4 /* PhotoramaTests */,
			);
		};
/* End PBXProject section */

/* Begin PBXResourcesBuildPhase section */
		6D6C4F6A1B587623005558A4 /* Resources */ = {
			isa = PBXResourcesBuildPhase;
			buildActionMask = 2147483647;
			files = (
				6D6C4F7B1B587623005558A4 /* Main.storyboard in Resources */,
				6D6C4F801B587623005558A4 /* LaunchScreen.xib in Resources */,
				6D6C4F7D1B587623005558A4 /* Images.xcassets in Resources */,
			);
			runOnlyForDeploymentPostprocessing = 0;
		};
		6D6C4F831B587623005558A4 /* Resources */ = {
			isa = PBXResourcesBuildPhase;
			buildActionMask = 2147483647;
			files = (
			);
			runOnlyForDeploymentPostprocessing = 0;
		};
/* End PBXResourcesBuildPhase section */

/* Begin PBXSourcesBuildPhase section */
		6D6C4F681B587623005558A4 /* Sources */ = {
			isa = PBXSourcesBuildPhase;
			buildActionMask = 2147483647;
			files = (
				6D6C4F781B587623005558A4 /* ViewController.m in Sources */,
				6D6C4F751B587623005558A4 /* AppDelegate.m in Sources */,
				6D6C4F721B587623005558A4 /* main.m in Sources */,
			);
			runOnlyForDeploymentPostprocessing = 0;
		};
		6D6C4F811B587623005558A4 /* Sources */ = {
			isa = PBXSourcesBuildPhase;
			buildActionMask = 2147483647;
			files = (
				6D6C4F8C1B587623005558A4 /* PhotoramaTests.m in Sources */,
			);
			runOnlyForDeploymentPostprocessing = 0;
		};
/* End PBXSourcesBuildPhase section */

/* Begin PBXTargetDependency section */
		6D6C4F871B587623005558A4 /* PBXTargetDependency */ = {
			isa = PBXTargetDependency;
			target = 6D6C4F6B1B587623005558A4 /* Photorama */;
			targetProxy = 6D6C4F861B587623005558A4 /* PBXContainerItemProxy */;
		};
/* End PBXTargetDependency section */

/* Begin PBXVariantGroup section */
		6D6C4F791B587623005558A4 /* Main.storyboard */ = {
			isa = PBXVariantGroup;
			children = (
				6D6C4F7A1B587623005558A4 /* Base */,
			);
			name = Main.storyboard;
			sourceTree = "<group>";
		};
		6D6C4F7E1B587623005558A4 /* LaunchScreen.xib */ = {
			isa = PBXVariantGroup;
			children = (
				6D6C4F7F1B587623005558A4 /* Base */,
			);
			name = LaunchScreen.xib;
			sourceTree = "<group>";
		};
/* End PBXVariantGroup section */

/* Begin XCBuildConfiguration section */
		6D6C4F8D1B587623005558A4 /* Debug */ = {
			isa = XCBuildConfiguration;
			buildSettings = {
				ALWAYS_SEARCH_USER_PATHS = NO;
				CLANG_CXX_LANGUAGE_STANDARD = "gnu++0x";
				CLANG_CXX_LIBRARY = "libc++";
				CLANG_ENABLE_MODULES = YES;
				CLANG_ENABLE_OBJC_ARC = YES;
				CLANG_WARN_BOOL_CONVERSION = YES;
				CLANG_WARN_CONSTANT_CONVERSION = YES;
				CLANG_WARN_DIRECT_OBJC_ISA_USAGE = YES_ERROR;
				CLANG_WARN_EMPTY_BODY = YES;
				CLANG_WARN_ENUM_CONVERSION = YES;
				CLANG_WARN_INT_CONVERSION = YES;
				CLANG_WARN_OBJC_ROOT_CLASS = YES_ERROR;
				CLANG_WARN_UNREACHABLE_CODE = YES;
				CLANG_WARN__DUPLICATE_METHOD_MATCH = YES;
				"CODE_SIGN_IDENTITY[sdk=iphoneos*]" = "iPhone Developer";
				COPY_PHASE_STRIP = NO;
				ENABLE_STRICT_OBJC_MSGSEND = YES;
				GCC_C_LANGUAGE_STANDARD = gnu99;
				GCC_DYNAMIC_NO_PIC = NO;
				GCC_OPTIMIZATION_LEVEL = 0;
				GCC_PREPROCESSOR_DEFINITIONS = (
					"DEBUG=1",
					"$(inherited)",
				);
				GCC_SYMBOLS_PRIVATE_EXTERN = NO;
				GCC_WARN_64_TO_32_BIT_CONVERSION = YES;
				GCC_WARN_ABOUT_RETURN_TYPE = YES_ERROR;
				GCC_WARN_UNDECLARED_SELECTOR = YES;
				GCC_WARN_UNINITIALIZED_AUTOS = YES_AGGRESSIVE;
				GCC_WARN_UNUSED_FUNCTION = YES;
				GCC_WARN_UNUSED_VARIABLE = YES;
				IPHONEOS_DEPLOYMENT_TARGET = 8.1;
				MTL_ENABLE_DEBUG_INFO = YES;
				ONLY_ACTIVE_ARCH = YES;
				SDKROOT = iphoneos;
			};
			name = Debug;
		};
		6D6C4F8E1B587623005558A4 /* Release */ = {
			isa = XCBuildConfiguration;
			buildSettings = {
				ALWAYS_SEARCH_USER_PATHS = NO;
				CLANG_CXX_LANGUAGE_STANDARD = "gnu++0x";
				CLANG_CXX_LIBRARY = "libc++";
				CLANG_ENABLE_MODULES = YES;
				CLANG_ENABLE_OBJC_ARC = YES;
				CLANG_WARN_BOOL_CONVERSION = YES;
				CLANG_WARN_CONSTANT_CONVERSION = YES;
				CLANG_WARN_DIRECT_OBJC_ISA_USAGE = YES_ERROR;
				CLANG_WARN_EMPTY_BODY = YES;
				CLANG_WARN_ENUM_CONVERSION = YES;
				CLANG_WARN_INT_CONVERSION = YES;
				CLANG_WARN_OBJC_ROOT_CLASS = YES_ERROR;
				CLANG_WARN_UNREACHABLE_CODE = YES;
				CLANG_WARN__DUPLICATE_METHOD_MATCH = YES;
				"CODE_SIGN_IDENTITY[sdk=iphoneos*]" = "iPhone Developer";
				COPY_PHASE_STRIP = YES;
				ENABLE_NS_ASSERTIONS = NO;
				ENABLE_STRICT_OBJC_MSGSEND = YES;
				GCC_C_LANGUAGE_STANDARD = gnu99;
				GCC_WARN_64_TO_32_BIT_CONVERSION = YES;
				GCC_WARN_ABOUT_RETURN_TYPE = YES_ERROR;
				GCC_WARN_UNDECLARED_SELECTOR = YES;
				GCC_WARN_UNINITIALIZED_AUTOS = YES_AGGRESSIVE;
				GCC_WARN_UNUSED_FUNCTION = YES;
				GCC_WARN_UNUSED_VARIABLE = YES;
				IPHONEOS_DEPLOYMENT_TARGET = 8.1;
				MTL_ENABLE_DEBUG_INFO = NO;
				SDKROOT = iphoneos;
				VALIDATE_PRODUCT = YES;
			};
			name = Release;
		};
		6D6C4F901B587623005558A4 /* Debug */ = {
			isa = XCBuildConfiguration;
			buildSettings = {
				ASSETCATALOG_COMPILER_APPICON_NAME = AppIcon;
				INFOPLIST_FILE = Photorama/Info.plist;
				LD_RUNPATH_SEARCH_PATHS = "$(inherited) @executable_path/Frameworks";
				PRODUCT_NAME = "$(TARGET_NAME)";
			};
			name = Debug;
		};
		6D6C4F911B587623005558A4 /* Release */ = {
			isa = XCBuildConfiguration;
			buildSettings = {
				ASSETCATALOG_COMPILER_APPICON_NAME = AppIcon;
				INFOPLIST_FILE = Photorama/Info.plist;
				LD_RUNPATH_SEARCH_PATHS = "$(inherited) @executable_path/Frameworks";
				PRODUCT_NAME = "$(TARGET_NAME)";
			};
			name = Release;
		};
		6D6C4F931B587623005558A4 /* Debug */ = {
			isa = XCBuildConfiguration;
			buildSettings = {
				BUNDLE_LOADER = "$(TEST_HOST)";
				FRAMEWORK_SEARCH_PATHS = (
					"$(SDKROOT)/Developer/Library/Frameworks",
					"$(inherited)",
				);
				GCC_PREPROCESSOR_DEFINITIONS = (
					"DEBUG=1",
					"$(inherited)",
				);
				INFOPLIST_FILE = PhotoramaTests/Info.plist;
				LD_RUNPATH_SEARCH_PATHS = "$(inherited) @executable_path/Frameworks @loader_path/Frameworks";
				PRODUCT_NAME = "$(TARGET_NAME)";
				TEST_HOST = "$(BUILT_PRODUCTS_DIR)/Photorama.app/Photorama";
			};
			name = Debug;
		};
		6D6C4F941B587623005558A4 /* Release */ = {
			isa = XCBuildConfiguration;
			buildSettings = {
				BUNDLE_LOADER = "$(TEST_HOST)";
				FRAMEWORK_SEARCH_PATHS = (
					"$(SDKROOT)/Developer/Library/Frameworks",
					"$(inherited)",
				);
				INFOPLIST_FILE = PhotoramaTests/Info.plist;
				LD_RUNPATH_SEARCH_PATHS = "$(inherited) @executable_path/Frameworks @loader_path/Frameworks";
				PRODUCT_NAME = "$(TARGET_NAME)";
				TEST_HOST = "$(BUILT_PRODUCTS_DIR)/Photorama.app/Photorama";
			};
			name = Release;
		};
/* End XCBuildConfiguration section */

/* Begin XCConfigurationList section */
		6D6C4F671B587623005558A4 /* Build configuration list for PBXProject "Photorama" */ = {
			isa = XCConfigurationList;
			buildConfigurations = (
				6D6C4F8D1B587623005558A4 /* Debug */,
				6D6C4F8E1B587623005558A4 /* Release */,
			);
			defaultConfigurationIsVisible = 0;
			defaultConfigurationName = Release;
		};
		6D6C4F8F1B587623005558A4 /* Build configuration list for PBXNativeTarget "Photorama" */ = {
			isa = XCConfigurationList;
			buildConfigurations = (
				6D6C4F901B587623005558A4 /* Debug */,
				6D6C4F911B587623005558A4 /* Release */,
			);
			defaultConfigurationIsVisible = 0;
		};
		6D6C4F921B587623005558A4 /* Build configuration list for PBXNativeTarget "PhotoramaTests" */ = {
			isa = XCConfigurationList;
			buildConfigurations = (
				6D6C4F931B587623005558A4 /* Debug */,
				6D6C4F941B587623005558A4 /* Release */,
			);
			defaultConfigurationIsVisible = 0;
		};
/* End XCConfigurationList section */
	};
	rootObject = 6D6C4F641B587623005558A4 /* Project object */;
}
